
Microsoft Visual Studio Solution File, Format Version 12.00
# Visual Studio 15
VisualStudioVersion = 15.0.27004.2010
MinimumVisualStudioVersion = 10.0.40219.1
Project("{8BC9CEB8-8B4A-11D0-8D11-00A0C91BC942}") = "bypass", "bypass.vcxproj", "{F57F02DE-322F-4FFF-8584-6871858E203C}"
EndProject
Global
	GlobalSection(SolutionConfigurationPlatforms) = preSolution
		Debug|x64 = Debug|x64
		Debug|x86 = Debug|x86
		Release|x64 = Release|x64
		Release|x86 = Release|x86
	EndGlobalSection
	GlobalSection(ProjectConfigurationPlatforms) = postSolution
		{F57F02DE-322F-4FFF-8584-6871858E203C}.Debug|x64.ActiveCfg = Debug|x64
		{F57F02DE-322F-4FFF-8584-6871858E203C}.Debug|x64.Build.0 = Debug|x64
		{F57F02DE-322F-4FFF-8584-6871858E203C}.Debug|x86.ActiveCfg = Debug|Win32
		{F57F02DE-322F-4FFF-8584-6871858E203C}.Debug|x86.Build.0 = Debug|Win32
		{F57F02DE-322F-4FFF-8584-6871858E203C}.Release|x64.ActiveCfg = Release|x64
		{F57F02DE-322F-4FFF-8584-6871858E203C}.Release|x64.Build.0 = Release|x64
		{F57F02DE-322F-4FFF-8584-6871858E203C}.Release|x86.ActiveCfg = Release|Win32
		{F57F02DE-322F-4FFF-8584-6871858E203C}.Release|x86.Build.0 = Release|Win32
	EndGlobalSection
	GlobalSection(SolutionProperties) = preSolution
		HideSolutionNode = FALSE
	EndGlobalSection
	GlobalSection(ExtensibilityGlobals) = postSolution
		SolutionGuid = {EBA34AA8-257B-4269-B998-542E8CFDF49F}
	EndGlobalSection
EndGlobal
